
Microsoft Visual Studio Solution File, Format Version 12.00
# Visual Studio Version 16
VisualStudioVersion = 16.0.30002.166
MinimumVisualStudioVersion = 10.0.40219.1
Project("{FAE04EC0-301F-11D3-BF4B-00C04F79EFBC}") = "RazorPageMovie", "RazorPageMovie\RazorPageMovie.csproj", "{8926E2B5-9D89-4A1C-BBC6-45BD763CA7A4}"
EndProject
Global
	GlobalSection(SolutionConfigurationPlatforms) = preSolution
		Debug|Any CPU = Debug|Any CPU
		Release|Any CPU = Release|Any CPU
	EndGlobalSection
	GlobalSection(ProjectConfigurationPlatforms) = postSolution
		{8926E2B5-9D89-4A1C-BBC6-45BD763CA7A4}.Debug|Any CPU.ActiveCfg = Debug|Any CPU
		{8926E2B5-9D89-4A1C-BBC6-45BD763CA7A4}.Debug|Any CPU.Build.0 = Debug|Any CPU
		{8926E2B5-9D89-4A1C-BBC6-45BD763CA7A4}.Release|Any CPU.ActiveCfg = Release|Any CPU
		{8926E2B5-9D89-4A1C-BBC6-45BD763CA7A4}.Release|Any CPU.Build.0 = Release|Any CPU
	EndGlobalSection
	GlobalSection(SolutionProperties) = preSolution
		HideSolutionNode = FALSE
	EndGlobalSection
	GlobalSection(ExtensibilityGlobals) = postSolution
		SolutionGuid = {BD5385C8-2DAD-475E-BC4F-9BA30F32E11F}
	EndGlobalSection
EndGlobal
